
Microsoft Visual Studio Solution File, Format Version 12.00
# Visual Studio 15
VisualStudioVersion = 15.0.27428.2037
MinimumVisualStudioVersion = 10.0.40219.1
Project("{00D1A9C2-B5F0-4AF3-8072-F6C62B433612}") = "Challenge2Resit", "Challenge2Resit\Challenge2Resit.sqlproj", "{ADA4329F-1220-47BE-8A3D-5AAAABE9EEF8}"
EndProject
Project("{FAE04EC0-301F-11D3-BF4B-00C04F79EFBC}") = "Challenge2ResitAPI", "Challenge2ResitAPI\Challenge2ResitAPI.csproj", "{39332747-52EF-4B35-85FC-9E512AD825F1}"
EndProject
Global
	GlobalSection(SolutionConfigurationPlatforms) = preSolution
		Debug|Any CPU = Debug|Any CPU
		Release|Any CPU = Release|Any CPU
	EndGlobalSection
	GlobalSection(ProjectConfigurationPlatforms) = postSolution
		{ADA4329F-1220-47BE-8A3D-5AAAABE9EEF8}.Debug|Any CPU.ActiveCfg = Debug|Any CPU
		{ADA4329F-1220-47BE-8A3D-5AAAABE9EEF8}.Debug|Any CPU.Build.0 = Debug|Any CPU
		{ADA4329F-1220-47BE-8A3D-5AAAABE9EEF8}.Debug|Any CPU.Deploy.0 = Debug|Any CPU
		{ADA4329F-1220-47BE-8A3D-5AAAABE9EEF8}.Release|Any CPU.ActiveCfg = Release|Any CPU
		{ADA4329F-1220-47BE-8A3D-5AAAABE9EEF8}.Release|Any CPU.Build.0 = Release|Any CPU
		{ADA4329F-1220-47BE-8A3D-5AAAABE9EEF8}.Release|Any CPU.Deploy.0 = Release|Any CPU
		{39332747-52EF-4B35-85FC-9E512AD825F1}.Debug|Any CPU.ActiveCfg = Debug|Any CPU
		{39332747-52EF-4B35-85FC-9E512AD825F1}.Debug|Any CPU.Build.0 = Debug|Any CPU
		{39332747-52EF-4B35-85FC-9E512AD825F1}.Release|Any CPU.ActiveCfg = Release|Any CPU
		{39332747-52EF-4B35-85FC-9E512AD825F1}.Release|Any CPU.Build.0 = Release|Any CPU
	EndGlobalSection
	GlobalSection(SolutionProperties) = preSolution
		HideSolutionNode = FALSE
	EndGlobalSection
	GlobalSection(ExtensibilityGlobals) = postSolution
		SolutionGuid = {46329425-7FF7-49B7-BC46-E73A40AAFCC7}
	EndGlobalSection
EndGlobal
